{
  "name": "pythscribe",
  "version": "0.2.1",
  "lockfileVersion": 3,
  "requires": true,
  "packages": {
    "": {
      "name": "pythscribe",
      "version": "0.2.1",
      "license": "FSL-1.1-ALv2",
      "bin": {
        "pyths": "bin/pyths.js",
        "pythscribe": "bin/pyths.js"
      },
      "engines": {
        "node": ">=18"
      },
      "optionalDependencies": {
        "@pythscribe/cli-darwin-arm64": "0.2.0",
        "@pythscribe/cli-darwin-x64": "0.2.0",
        "@pythscribe/cli-linux-arm64": "0.2.0",
        "@pythscribe/cli-linux-x64": "0.2.0",
        "@pythscribe/cli-win32-x64": "0.2.0"
      }
    }
  }
}
