{
  "name": "pythscribe",
  "version": "0.2.4",
  "lockfileVersion": 3,
  "requires": true,
  "packages": {
    "": {
      "name": "pythscribe",
      "version": "0.2.4",
      "license": "FSL-1.1-ALv2",
      "dependencies": {
        "next-plugin-pyths": "^0.2.3",
        "pyths-runtime": "^0.2.3",
        "vite-plugin-pyths": "^0.2.3"
      },
      "bin": {
        "pyths": "bin/pyths.js",
        "pythscribe": "bin/pyths.js"
      },
      "engines": {
        "node": ">=18"
      },
      "optionalDependencies": {
        "@pythscribe/cli-darwin-arm64": "0.2.3",
        "@pythscribe/cli-darwin-x64": "0.2.3",
        "@pythscribe/cli-linux-arm64": "0.2.3",
        "@pythscribe/cli-linux-x64": "0.2.3",
        "@pythscribe/cli-win32-x64": "0.2.3"
      }
    },
    "node_modules/@pythscribe/cli-darwin-arm64": {
      "version": "0.2.3",
      "resolved": "https://registry.npmjs.org/@pythscribe/cli-darwin-arm64/-/cli-darwin-arm64-0.2.3.tgz",
      "integrity": "sha512-HlXgukMNtgtKck8+mHUExFQuzOK255uPrAWYkvAAoV5CY2B1cY3PUtmqDSxVzwTqJpPWL7plUxXwWfaYLFY1rQ==",
      "cpu": [
        "arm64"
      ],
      "license": "FSL-1.1-ALv2",
      "optional": true,
      "os": [
        "darwin"
      ]
    },
    "node_modules/@pythscribe/cli-darwin-x64": {
      "version": "0.2.3",
      "resolved": "https://registry.npmjs.org/@pythscribe/cli-darwin-x64/-/cli-darwin-x64-0.2.3.tgz",
      "integrity": "sha512-XrN3evEAI3hGbwB6m/SwaCHzpYdqwuKAKONXOI99qEUsb2f2L2Pc37wB9FAXbE33TzMwxX9xdzXRqau+CnFIfA==",
      "cpu": [
        "x64"
      ],
      "license": "FSL-1.1-ALv2",
      "optional": true,
      "os": [
        "darwin"
      ]
    },
    "node_modules/@pythscribe/cli-linux-arm64": {
      "version": "0.2.3",
      "resolved": "https://registry.npmjs.org/@pythscribe/cli-linux-arm64/-/cli-linux-arm64-0.2.3.tgz",
      "integrity": "sha512-pvXkOUTuIswTN949oMPsjBN6BdwSy/VtM5eZo5PPRx2i6CWoB2Xj8CFmwSFKmLfwx4KAf2u3DHArFgy1UUN4SA==",
      "cpu": [
        "arm64"
      ],
      "license": "FSL-1.1-ALv2",
      "optional": true,
      "os": [
        "linux"
      ]
    },
    "node_modules/@pythscribe/cli-linux-x64": {
      "version": "0.2.3",
      "resolved": "https://registry.npmjs.org/@pythscribe/cli-linux-x64/-/cli-linux-x64-0.2.3.tgz",
      "integrity": "sha512-8S/fpvTtVgYrNyYpcFuzUzB82RzwVXeuonGhsOl9Je3Bbt3ZsREnm1Cas2gbw/gzvX8Rf09MqS6E7eKLzVN3pA==",
      "cpu": [
        "x64"
      ],
      "license": "FSL-1.1-ALv2",
      "optional": true,
      "os": [
        "linux"
      ]
    },
    "node_modules/@pythscribe/cli-win32-x64": {
      "version": "0.2.3",
      "resolved": "https://registry.npmjs.org/@pythscribe/cli-win32-x64/-/cli-win32-x64-0.2.3.tgz",
      "integrity": "sha512-AXT+3llccBHmVqlXzYo2WxvCyvqZYdKyNX3dlR4xuq8UN7CZ//72osXocOgUb05bEaJ1/HX2HTXa8SgMNlacpw==",
      "cpu": [
        "x64"
      ],
      "license": "FSL-1.1-ALv2",
      "optional": true,
      "os": [
        "win32"
      ]
    },
    "node_modules/next-plugin-pyths": {
      "version": "0.2.3",
      "resolved": "https://registry.npmjs.org/next-plugin-pyths/-/next-plugin-pyths-0.2.3.tgz",
      "integrity": "sha512-TsMf8YAKXtmlrvifOW4X068ZR9A0bMeo4iCUDQmzzAg+gn5j6icFjonVKwZQ8kIUsk3M8j/RymLTZEZC9IhysA==",
      "license": "MIT",
      "engines": {
        "node": ">=18.0.0"
      },
      "peerDependencies": {
        "next": ">=13.0.0"
      },
      "peerDependenciesMeta": {
        "next": {
          "optional": true
        }
      }
    },
    "node_modules/pyths-runtime": {
      "version": "0.2.3",
      "resolved": "https://registry.npmjs.org/pyths-runtime/-/pyths-runtime-0.2.3.tgz",
      "integrity": "sha512-S1S5T5jnoSMalxU+RbKJljhwuUC8IvJTDyODFyzp3u8Us3U+UrU6BjVHxB9rkrrimzG1o/UWTKd4a60158ISCQ==",
      "license": "MIT",
      "engines": {
        "node": ">=18.0.0"
      }
    },
    "node_modules/vite-plugin-pyths": {
      "version": "0.2.3",
      "resolved": "https://registry.npmjs.org/vite-plugin-pyths/-/vite-plugin-pyths-0.2.3.tgz",
      "integrity": "sha512-Mwbt4GYxNBt7llwqW5gQVZ3XSRSbogBbE8QNP6apLPADg96anBGpcsql9ZQcGxaHnbyPtpmnlMFTzJthOAc5ww==",
      "license": "MIT",
      "engines": {
        "node": ">=18.0.0"
      },
      "peerDependencies": {
        "vite": ">=4.0.0"
      },
      "peerDependenciesMeta": {
        "vite": {
          "optional": true
        }
      }
    }
  }
}
